# This file is automatically @generated by Cargo.
# It is not intended for manual editing.
[[package]]
name = "difflib"
version = "0.4.0"
source = "registry+https://github.com/rust-lang/crates.io-index"

[[package]]
name = "fastdiff"
version = "0.1.2"
dependencies = [
 "difflib 0.4.0 (registry+https://github.com/rust-lang/crates.io-index)",
]

[metadata]
"checksum difflib 0.4.0 (registry+https://github.com/rust-lang/crates.io-index)" = "6184e33543162437515c2e2b48714794e37845ec9851711914eec9d308f6ebe8"
